
Microsoft Visual Studio Solution File, Format Version 12.00
# Visual Studio 14
VisualStudioVersion = 14.0.24720.0
MinimumVisualStudioVersion = 10.0.40219.1
Project("{FAE04EC0-301F-11D3-BF4B-00C04F79EFBC}") = "SearchParser", "SearchParser\SearchParser.csproj", "{7BEE22D7-1B76-4145-9A34-8212610D495B}"
EndProject
Project("{FAE04EC0-301F-11D3-BF4B-00C04F79EFBC}") = "SearchParserTests", "SearchParserTests\SearchParserTests.csproj", "{350541F0-43F6-4DD2-A2A0-5DDB887415A0}"
EndProject
Global
	GlobalSection(SolutionConfigurationPlatforms) = preSolution
		Debug|Any CPU = Debug|Any CPU
		Release|Any CPU = Release|Any CPU
	EndGlobalSection
	GlobalSection(ProjectConfigurationPlatforms) = postSolution
		{7BEE22D7-1B76-4145-9A34-8212610D495B}.Debug|Any CPU.ActiveCfg = Debug|Any CPU
		{7BEE22D7-1B76-4145-9A34-8212610D495B}.Debug|Any CPU.Build.0 = Debug|Any CPU
		{7BEE22D7-1B76-4145-9A34-8212610D495B}.Release|Any CPU.ActiveCfg = Release|Any CPU
		{7BEE22D7-1B76-4145-9A34-8212610D495B}.Release|Any CPU.Build.0 = Release|Any CPU
		{350541F0-43F6-4DD2-A2A0-5DDB887415A0}.Debug|Any CPU.ActiveCfg = Debug|Any CPU
		{350541F0-43F6-4DD2-A2A0-5DDB887415A0}.Debug|Any CPU.Build.0 = Debug|Any CPU
		{350541F0-43F6-4DD2-A2A0-5DDB887415A0}.Release|Any CPU.ActiveCfg = Release|Any CPU
		{350541F0-43F6-4DD2-A2A0-5DDB887415A0}.Release|Any CPU.Build.0 = Release|Any CPU
	EndGlobalSection
	GlobalSection(SolutionProperties) = preSolution
		HideSolutionNode = FALSE
	EndGlobalSection
EndGlobal
